
Microsoft Visual Studio Solution File, Format Version 12.00
# Visual Studio Version 17
VisualStudioVersion = 17.5.002.0
MinimumVisualStudioVersion = 10.0.40219.1
Project("{2150E333-8FDC-42A3-9474-1A3956D46DE8}") = "src", "src", "{7D5C6B91-109B-40D3-95AB-07AEB4E4EACC}"
EndProject
Project("{9A19103F-16F7-4668-BE54-9A1E7A4F7556}") = "Demo-Actions", "src\Demo-Actions\Demo-Actions.csproj", "{098B18B6-CBFA-4F86-9A51-D4AE09DCC826}"
EndProject
Global
	GlobalSection(SolutionConfigurationPlatforms) = preSolution
		Debug|Any CPU = Debug|Any CPU
		Release|Any CPU = Release|Any CPU
	EndGlobalSection
	GlobalSection(ProjectConfigurationPlatforms) = postSolution
		{098B18B6-CBFA-4F86-9A51-D4AE09DCC826}.Debug|Any CPU.ActiveCfg = Debug|Any CPU
		{098B18B6-CBFA-4F86-9A51-D4AE09DCC826}.Debug|Any CPU.Build.0 = Debug|Any CPU
		{098B18B6-CBFA-4F86-9A51-D4AE09DCC826}.Release|Any CPU.ActiveCfg = Release|Any CPU
		{098B18B6-CBFA-4F86-9A51-D4AE09DCC826}.Release|Any CPU.Build.0 = Release|Any CPU
	EndGlobalSection
	GlobalSection(SolutionProperties) = preSolution
		HideSolutionNode = FALSE
	EndGlobalSection
	GlobalSection(NestedProjects) = preSolution
		{098B18B6-CBFA-4F86-9A51-D4AE09DCC826} = {7D5C6B91-109B-40D3-95AB-07AEB4E4EACC}
	EndGlobalSection
	GlobalSection(ExtensibilityGlobals) = postSolution
		SolutionGuid = {C3413D3E-B16C-4E98-9C3D-02CEF69273C6}
	EndGlobalSection
EndGlobal
